
Microsoft Visual Studio Solution File, Format Version 12.00
# Visual Studio Version 16
VisualStudioVersion = 16.0.30907.101
MinimumVisualStudioVersion = 10.0.40219.1
Project("{FAE04EC0-301F-11D3-BF4B-00C04F79EFBC}") = "GuitarNoteTeacher.UI", "GuitarNoteTeacher\GuitarNoteTeacher.UI.csproj", "{F4F78AE8-154D-495E-B909-590490CE1C4F}"
EndProject
Project("{FAE04EC0-301F-11D3-BF4B-00C04F79EFBC}") = "GuitarNoteTeacher.Core", "GuitarNoteTeacher.Core\GuitarNoteTeacher.Core.csproj", "{7C1D5ECE-884B-41AB-A63A-68C5DABD2EDB}"
EndProject
Project("{FAE04EC0-301F-11D3-BF4B-00C04F79EFBC}") = "GuitarNoteTeacher.UI.MainModule", "GuitarNoteTeacher.UI.MainModule\GuitarNoteTeacher.UI.MainModule.csproj", "{ED11F51A-3509-4D5A-931A-7D0EEF5B892D}"
EndProject
Project("{9A19103F-16F7-4668-BE54-9A1E7A4F7556}") = "GuitarNoteTeacher.UnitTests", "GuitarNoteTeacher.UnitTests\GuitarNoteTeacher.UnitTests.csproj", "{BFCC8DFE-6038-4A78-87F1-635C6362D796}"
EndProject
Project("{FAE04EC0-301F-11D3-BF4B-00C04F79EFBC}") = "GuitarNoteTeacher.UI.ResultsModule", "GuitarNoteTeacher.UI.ResultsModule\GuitarNoteTeacher.UI.ResultsModule.csproj", "{7F0A2666-CC6F-43B0-A9C2-8CB3AACDF175}"
EndProject
Project("{FAE04EC0-301F-11D3-BF4B-00C04F79EFBC}") = "GuitarNoteTeacher.UI.InformationModule", "Information\GuitarNoteTeacher.UI.InformationModule.csproj", "{7224780B-72F8-4234-B4B4-238F43714BF2}"
EndProject
Global
	GlobalSection(SolutionConfigurationPlatforms) = preSolution
		Debug|Any CPU = Debug|Any CPU
		Release|Any CPU = Release|Any CPU
	EndGlobalSection
	GlobalSection(ProjectConfigurationPlatforms) = postSolution
		{F4F78AE8-154D-495E-B909-590490CE1C4F}.Debug|Any CPU.ActiveCfg = Debug|Any CPU
		{F4F78AE8-154D-495E-B909-590490CE1C4F}.Debug|Any CPU.Build.0 = Debug|Any CPU
		{F4F78AE8-154D-495E-B909-590490CE1C4F}.Release|Any CPU.ActiveCfg = Release|Any CPU
		{F4F78AE8-154D-495E-B909-590490CE1C4F}.Release|Any CPU.Build.0 = Release|Any CPU
		{7C1D5ECE-884B-41AB-A63A-68C5DABD2EDB}.Debug|Any CPU.ActiveCfg = Debug|Any CPU
		{7C1D5ECE-884B-41AB-A63A-68C5DABD2EDB}.Debug|Any CPU.Build.0 = Debug|Any CPU
		{7C1D5ECE-884B-41AB-A63A-68C5DABD2EDB}.Release|Any CPU.ActiveCfg = Release|Any CPU
		{7C1D5ECE-884B-41AB-A63A-68C5DABD2EDB}.Release|Any CPU.Build.0 = Release|Any CPU
		{ED11F51A-3509-4D5A-931A-7D0EEF5B892D}.Debug|Any CPU.ActiveCfg = Debug|Any CPU
		{ED11F51A-3509-4D5A-931A-7D0EEF5B892D}.Debug|Any CPU.Build.0 = Debug|Any CPU
		{ED11F51A-3509-4D5A-931A-7D0EEF5B892D}.Release|Any CPU.ActiveCfg = Release|Any CPU
		{ED11F51A-3509-4D5A-931A-7D0EEF5B892D}.Release|Any CPU.Build.0 = Release|Any CPU
		{BFCC8DFE-6038-4A78-87F1-635C6362D796}.Debug|Any CPU.ActiveCfg = Debug|Any CPU
		{BFCC8DFE-6038-4A78-87F1-635C6362D796}.Debug|Any CPU.Build.0 = Debug|Any CPU
		{BFCC8DFE-6038-4A78-87F1-635C6362D796}.Release|Any CPU.ActiveCfg = Release|Any CPU
		{BFCC8DFE-6038-4A78-87F1-635C6362D796}.Release|Any CPU.Build.0 = Release|Any CPU
		{7F0A2666-CC6F-43B0-A9C2-8CB3AACDF175}.Debug|Any CPU.ActiveCfg = Debug|Any CPU
		{7F0A2666-CC6F-43B0-A9C2-8CB3AACDF175}.Debug|Any CPU.Build.0 = Debug|Any CPU
		{7F0A2666-CC6F-43B0-A9C2-8CB3AACDF175}.Release|Any CPU.ActiveCfg = Release|Any CPU
		{7F0A2666-CC6F-43B0-A9C2-8CB3AACDF175}.Release|Any CPU.Build.0 = Release|Any CPU
		{7224780B-72F8-4234-B4B4-238F43714BF2}.Debug|Any CPU.ActiveCfg = Debug|Any CPU
		{7224780B-72F8-4234-B4B4-238F43714BF2}.Debug|Any CPU.Build.0 = Debug|Any CPU
		{7224780B-72F8-4234-B4B4-238F43714BF2}.Release|Any CPU.ActiveCfg = Release|Any CPU
		{7224780B-72F8-4234-B4B4-238F43714BF2}.Release|Any CPU.Build.0 = Release|Any CPU
	EndGlobalSection
	GlobalSection(SolutionProperties) = preSolution
		HideSolutionNode = FALSE
	EndGlobalSection
	GlobalSection(ExtensibilityGlobals) = postSolution
		SolutionGuid = {529C87FF-36F8-43FA-8B88-C3A8B91B12A1}
	EndGlobalSection
EndGlobal
